
Microsoft Visual Studio Solution File, Format Version 12.00
# Visual Studio 15
Project("{FAE04EC0-301F-11D3-BF4B-00C04F79EFBC}") = "DotaNet", "DotaNet\DotaNet.csproj", "{5DD4112B-72FE-4F0D-AF92-8B7009BF7719}"
EndProject
Global
	GlobalSection(SolutionConfigurationPlatforms) = preSolution
		Debug|x86 = Debug|x86
		Release|x86 = Release|x86
	EndGlobalSection
	GlobalSection(ProjectConfigurationPlatforms) = postSolution
		{5DD4112B-72FE-4F0D-AF92-8B7009BF7719}.Debug|x86.ActiveCfg = Debug|Any CPU
		{5DD4112B-72FE-4F0D-AF92-8B7009BF7719}.Debug|x86.Build.0 = Debug|Any CPU
		{5DD4112B-72FE-4F0D-AF92-8B7009BF7719}.Release|x86.ActiveCfg = Release|Any CPU
		{5DD4112B-72FE-4F0D-AF92-8B7009BF7719}.Release|x86.Build.0 = Release|Any CPU
	EndGlobalSection
EndGlobal
